
Microsoft Visual Studio Solution File, Format Version 12.00
# Visual Studio 15
VisualStudioVersion = 15.0.27130.2010
MinimumVisualStudioVersion = 10.0.40219.1
Project("{FAE04EC0-301F-11D3-BF4B-00C04F79EFBC}") = "App2.Android", "App2\App2.Android\App2.Android.csproj", "{02DE448C-FA2B-4794-882B-A263FBDF5343}"
EndProject
Project("{FAE04EC0-301F-11D3-BF4B-00C04F79EFBC}") = "App2.iOS", "App2\App2.iOS\App2.iOS.csproj", "{C1A3AC7C-575E-4270-8402-86B25C3C2FEA}"
EndProject
Project("{FAE04EC0-301F-11D3-BF4B-00C04F79EFBC}") = "App2.UWP", "App2\App2.UWP\App2.UWP.csproj", "{E15AE1DB-B8D3-41DB-B1CB-750E0B3B0E5A}"
EndProject
Project("{FAE04EC0-301F-11D3-BF4B-00C04F79EFBC}") = "App2", "App2\App2\App2.csproj", "{06E7412C-5678-47FF-96B2-458B07C2B3F0}"
EndProject
Project("{FAE04EC0-301F-11D3-BF4B-00C04F79EFBC}") = "ConsoleApp", "ConsoleApp\ConsoleApp.csproj", "{F8230333-EBC6-48F3-9770-098A259C9354}"
EndProject
Project("{FAE04EC0-301F-11D3-BF4B-00C04F79EFBC}") = "ConsoleApp1", "ConsoleApp1\ConsoleApp1.csproj", "{6D96CBA2-5A3B-4DD6-BBE4-C85F938F142F}"
EndProject
Global
	GlobalSection(SolutionConfigurationPlatforms) = preSolution
		Ad-Hoc|Any CPU = Ad-Hoc|Any CPU
		Ad-Hoc|ARM = Ad-Hoc|ARM
		Ad-Hoc|iPhone = Ad-Hoc|iPhone
		Ad-Hoc|iPhoneSimulator = Ad-Hoc|iPhoneSimulator
		Ad-Hoc|x64 = Ad-Hoc|x64
		Ad-Hoc|x86 = Ad-Hoc|x86
		AppStore|Any CPU = AppStore|Any CPU
		AppStore|ARM = AppStore|ARM
		AppStore|iPhone = AppStore|iPhone
		AppStore|iPhoneSimulator = AppStore|iPhoneSimulator
		AppStore|x64 = AppStore|x64
		AppStore|x86 = AppStore|x86
		Debug|Any CPU = Debug|Any CPU
		Debug|ARM = Debug|ARM
		Debug|iPhone = Debug|iPhone
		Debug|iPhoneSimulator = Debug|iPhoneSimulator
		Debug|x64 = Debug|x64
		Debug|x86 = Debug|x86
		Release|Any CPU = Release|Any CPU
		Release|ARM = Release|ARM
		Release|iPhone = Release|iPhone
		Release|iPhoneSimulator = Release|iPhoneSimulator
		Release|x64 = Release|x64
		Release|x86 = Release|x86
	EndGlobalSection
	GlobalSection(ProjectConfigurationPlatforms) = postSolution
		{02DE448C-FA2B-4794-882B-A263FBDF5343}.Ad-Hoc|Any CPU.ActiveCfg = Release|Any CPU
		{02DE448C-FA2B-4794-882B-A263FBDF5343}.Ad-Hoc|Any CPU.Build.0 = Release|Any CPU
		{02DE448C-FA2B-4794-882B-A263FBDF5343}.Ad-Hoc|Any CPU.Deploy.0 = Release|Any CPU
		{02DE448C-FA2B-4794-882B-A263FBDF5343}.Ad-Hoc|ARM.ActiveCfg = Release|Any CPU
		{02DE448C-FA2B-4794-882B-A263FBDF5343}.Ad-Hoc|ARM.Build.0 = Release|Any CPU
		{02DE448C-FA2B-4794-882B-A263FBDF5343}.Ad-Hoc|ARM.Deploy.0 = Release|Any CPU
		{02DE448C-FA2B-4794-882B-A263FBDF5343}.Ad-Hoc|iPhone.ActiveCfg = Release|Any CPU
		{02DE448C-FA2B-4794-882B-A263FBDF5343}.Ad-Hoc|iPhone.Build.0 = Release|Any CPU
		{02DE448C-FA2B-4794-882B-A263FBDF5343}.Ad-Hoc|iPhone.Deploy.0 = Release|Any CPU
		{02DE448C-FA2B-4794-882B-A263FBDF5343}.Ad-Hoc|iPhoneSimulator.ActiveCfg = Release|Any CPU
		{02DE448C-FA2B-4794-882B-A263FBDF5343}.Ad-Hoc|iPhoneSimulator.Build.0 = Release|Any CPU
		{02DE448C-FA2B-4794-882B-A263FBDF5343}.Ad-Hoc|iPhoneSimulator.Deploy.0 = Release|Any CPU
		{02DE448C-FA2B-4794-882B-A263FBDF5343}.Ad-Hoc|x64.ActiveCfg = Release|Any CPU
		{02DE448C-FA2B-4794-882B-A263FBDF5343}.Ad-Hoc|x64.Build.0 = Release|Any CPU
		{02DE448C-FA2B-4794-882B-A263FBDF5343}.Ad-Hoc|x64.Deploy.0 = Release|Any CPU
		{02DE448C-FA2B-4794-882B-A263FBDF5343}.Ad-Hoc|x86.ActiveCfg = Release|Any CPU
		{02DE448C-FA2B-4794-882B-A263FBDF5343}.Ad-Hoc|x86.Build.0 = Release|Any CPU
		{02DE448C-FA2B-4794-882B-A263FBDF5343}.Ad-Hoc|x86.Deploy.0 = Release|Any CPU
		{02DE448C-FA2B-4794-882B-A263FBDF5343}.AppStore|Any CPU.ActiveCfg = Release|Any CPU
		{02DE448C-FA2B-4794-882B-A263FBDF5343}.AppStore|Any CPU.Build.0 = Release|Any CPU
		{02DE448C-FA2B-4794-882B-A263FBDF5343}.AppStore|Any CPU.Deploy.0 = Release|Any CPU
		{02DE448C-FA2B-4794-882B-A263FBDF5343}.AppStore|ARM.ActiveCfg = Release|Any CPU
		{02DE448C-FA2B-4794-882B-A263FBDF5343}.AppStore|ARM.Build.0 = Release|Any CPU
		{02DE448C-FA2B-4794-882B-A263FBDF5343}.AppStore|ARM.Deploy.0 = Release|Any CPU
		{02DE448C-FA2B-4794-882B-A263FBDF5343}.AppStore|iPhone.ActiveCfg = Release|Any CPU
		{02DE448C-FA2B-4794-882B-A263FBDF5343}.AppStore|iPhone.Build.0 = Release|Any CPU
		{02DE448C-FA2B-4794-882B-A263FBDF5343}.AppStore|iPhone.Deploy.0 = Release|Any CPU
		{02DE448C-FA2B-4794-882B-A263FBDF5343}.AppStore|iPhoneSimulator.ActiveCfg = Release|Any CPU
		{02DE448C-FA2B-4794-882B-A263FBDF5343}.AppStore|iPhoneSimulator.Build.0 = Release|Any CPU
		{02DE448C-FA2B-4794-882B-A263FBDF5343}.AppStore|iPhoneSimulator.Deploy.0 = Release|Any CPU
		{02DE448C-FA2B-4794-882B-A263FBDF5343}.AppStore|x64.ActiveCfg = Release|Any CPU
		{02DE448C-FA2B-4794-882B-A263FBDF5343}.AppStore|x64.Build.0 = Release|Any CPU
		{02DE448C-FA2B-4794-882B-A263FBDF5343}.AppStore|x64.Deploy.0 = Release|Any CPU
		{02DE448C-FA2B-4794-882B-A263FBDF5343}.AppStore|x86.ActiveCfg = Release|Any CPU
		{02DE448C-FA2B-4794-882B-A263FBDF5343}.AppStore|x86.Build.0 = Release|Any CPU
		{02DE448C-FA2B-4794-882B-A263FBDF5343}.AppStore|x86.Deploy.0 = Release|Any CPU
		{02DE448C-FA2B-4794-882B-A263FBDF5343}.Debug|Any CPU.ActiveCfg = Debug|Any CPU
		{02DE448C-FA2B-4794-882B-A263FBDF5343}.Debug|Any CPU.Build.0 = Debug|Any CPU
		{02DE448C-FA2B-4794-882B-A263FBDF5343}.Debug|Any CPU.Deploy.0 = Debug|Any CPU
		{02DE448C-FA2B-4794-882B-A263FBDF5343}.Debug|ARM.ActiveCfg = Debug|Any CPU
		{02DE448C-FA2B-4794-882B-A263FBDF5343}.Debug|ARM.Build.0 = Debug|Any CPU
		{02DE448C-FA2B-4794-882B-A263FBDF5343}.Debug|ARM.Deploy.0 = Debug|Any CPU
		{02DE448C-FA2B-4794-882B-A263FBDF5343}.Debug|iPhone.ActiveCfg = Debug|Any CPU
		{02DE448C-FA2B-4794-882B-A263FBDF5343}.Debug|iPhone.Build.0 = Debug|Any CPU
		{02DE448C-FA2B-4794-882B-A263FBDF5343}.Debug|iPhone.Deploy.0 = Debug|Any CPU
		{02DE448C-FA2B-4794-882B-A263FBDF5343}.Debug|iPhoneSimulator.ActiveCfg = Debug|Any CPU
		{02DE448C-FA2B-4794-882B-A263FBDF5343}.Debug|iPhoneSimulator.Build.0 = Debug|Any CPU
		{02DE448C-FA2B-4794-882B-A263FBDF5343}.Debug|iPhoneSimulator.Deploy.0 = Debug|Any CPU
		{02DE448C-FA2B-4794-882B-A263FBDF5343}.Debug|x64.ActiveCfg = Debug|Any CPU
		{02DE448C-FA2B-4794-882B-A263FBDF5343}.Debug|x64.Build.0 = Debug|Any CPU
		{02DE448C-FA2B-4794-882B-A263FBDF5343}.Debug|x64.Deploy.0 = Debug|Any CPU
		{02DE448C-FA2B-4794-882B-A263FBDF5343}.Debug|x86.ActiveCfg = Debug|Any CPU
		{02DE448C-FA2B-4794-882B-A263FBDF5343}.Debug|x86.Build.0 = Debug|Any CPU
		{02DE448C-FA2B-4794-882B-A263FBDF5343}.Debug|x86.Deploy.0 = Debug|Any CPU
		{02DE448C-FA2B-4794-882B-A263FBDF5343}.Release|Any CPU.ActiveCfg = Release|Any CPU
		{02DE448C-FA2B-4794-882B-A263FBDF5343}.Release|Any CPU.Build.0 = Release|Any CPU
		{02DE448C-FA2B-4794-882B-A263FBDF5343}.Release|Any CPU.Deploy.0 = Release|Any CPU
		{02DE448C-FA2B-4794-882B-A263FBDF5343}.Release|ARM.ActiveCfg = Release|Any CPU
		{02DE448C-FA2B-4794-882B-A263FBDF5343}.Release|ARM.Build.0 = Release|Any CPU
		{02DE448C-FA2B-4794-882B-A263FBDF5343}.Release|ARM.Deploy.0 = Release|Any CPU
		{02DE448C-FA2B-4794-882B-A263FBDF5343}.Release|iPhone.ActiveCfg = Release|Any CPU
		{02DE448C-FA2B-4794-882B-A263FBDF5343}.Release|iPhone.Build.0 = Release|Any CPU
		{02DE448C-FA2B-4794-882B-A263FBDF5343}.Release|iPhone.Deploy.0 = Release|Any CPU
		{02DE448C-FA2B-4794-882B-A263FBDF5343}.Release|iPhoneSimulator.ActiveCfg = Release|Any CPU
		{02DE448C-FA2B-4794-882B-A263FBDF5343}.Release|iPhoneSimulator.Build.0 = Release|Any CPU
		{02DE448C-FA2B-4794-882B-A263FBDF5343}.Release|iPhoneSimulator.Deploy.0 = Release|Any CPU
		{02DE448C-FA2B-4794-882B-A263FBDF5343}.Release|x64.ActiveCfg = Release|Any CPU
		{02DE448C-FA2B-4794-882B-A263FBDF5343}.Release|x64.Build.0 = Release|Any CPU
		{02DE448C-FA2B-4794-882B-A263FBDF5343}.Release|x64.Deploy.0 = Release|Any CPU
		{02DE448C-FA2B-4794-882B-A263FBDF5343}.Release|x86.ActiveCfg = Release|Any CPU
		{02DE448C-FA2B-4794-882B-A263FBDF5343}.Release|x86.Build.0 = Release|Any CPU
		{02DE448C-FA2B-4794-882B-A263FBDF5343}.Release|x86.Deploy.0 = Release|Any CPU
		{C1A3AC7C-575E-4270-8402-86B25C3C2FEA}.Ad-Hoc|Any CPU.ActiveCfg = Ad-Hoc|iPhone
		{C1A3AC7C-575E-4270-8402-86B25C3C2FEA}.Ad-Hoc|ARM.ActiveCfg = Ad-Hoc|iPhone
		{C1A3AC7C-575E-4270-8402-86B25C3C2FEA}.Ad-Hoc|iPhone.ActiveCfg = Ad-Hoc|iPhone
		{C1A3AC7C-575E-4270-8402-86B25C3C2FEA}.Ad-Hoc|iPhone.Build.0 = Ad-Hoc|iPhone
		{C1A3AC7C-575E-4270-8402-86B25C3C2FEA}.Ad-Hoc|iPhoneSimulator.ActiveCfg = Ad-Hoc|iPhoneSimulator
		{C1A3AC7C-575E-4270-8402-86B25C3C2FEA}.Ad-Hoc|iPhoneSimulator.Build.0 = Ad-Hoc|iPhoneSimulator
		{C1A3AC7C-575E-4270-8402-86B25C3C2FEA}.Ad-Hoc|x64.ActiveCfg = Ad-Hoc|iPhone
		{C1A3AC7C-575E-4270-8402-86B25C3C2FEA}.Ad-Hoc|x86.ActiveCfg = Ad-Hoc|iPhone
		{C1A3AC7C-575E-4270-8402-86B25C3C2FEA}.AppStore|Any CPU.ActiveCfg = AppStore|iPhone
		{C1A3AC7C-575E-4270-8402-86B25C3C2FEA}.AppStore|ARM.ActiveCfg = AppStore|iPhone
		{C1A3AC7C-575E-4270-8402-86B25C3C2FEA}.AppStore|iPhone.ActiveCfg = AppStore|iPhone
		{C1A3AC7C-575E-4270-8402-86B25C3C2FEA}.AppStore|iPhone.Build.0 = AppStore|iPhone
		{C1A3AC7C-575E-4270-8402-86B25C3C2FEA}.AppStore|iPhoneSimulator.ActiveCfg = AppStore|iPhoneSimulator
		{C1A3AC7C-575E-4270-8402-86B25C3C2FEA}.AppStore|iPhoneSimulator.Build.0 = AppStore|iPhoneSimulator
		{C1A3AC7C-575E-4270-8402-86B25C3C2FEA}.AppStore|x64.ActiveCfg = AppStore|iPhone
		{C1A3AC7C-575E-4270-8402-86B25C3C2FEA}.AppStore|x86.ActiveCfg = AppStore|iPhone
		{C1A3AC7C-575E-4270-8402-86B25C3C2FEA}.Debug|Any CPU.ActiveCfg = Debug|iPhone
		{C1A3AC7C-575E-4270-8402-86B25C3C2FEA}.Debug|ARM.ActiveCfg = Debug|iPhone
		{C1A3AC7C-575E-4270-8402-86B25C3C2FEA}.Debug|iPhone.ActiveCfg = Debug|iPhone
		{C1A3AC7C-575E-4270-8402-86B25C3C2FEA}.Debug|iPhone.Build.0 = Debug|iPhone
		{C1A3AC7C-575E-4270-8402-86B25C3C2FEA}.Debug|iPhoneSimulator.ActiveCfg = Debug|iPhoneSimulator
		{C1A3AC7C-575E-4270-8402-86B25C3C2FEA}.Debug|iPhoneSimulator.Build.0 = Debug|iPhoneSimulator
		{C1A3AC7C-575E-4270-8402-86B25C3C2FEA}.Debug|x64.ActiveCfg = Debug|iPhone
		{C1A3AC7C-575E-4270-8402-86B25C3C2FEA}.Debug|x86.ActiveCfg = Debug|iPhone
		{C1A3AC7C-575E-4270-8402-86B25C3C2FEA}.Release|Any CPU.ActiveCfg = Release|iPhone
		{C1A3AC7C-575E-4270-8402-86B25C3C2FEA}.Release|ARM.ActiveCfg = Release|iPhone
		{C1A3AC7C-575E-4270-8402-86B25C3C2FEA}.Release|iPhone.ActiveCfg = Release|iPhone
		{C1A3AC7C-575E-4270-8402-86B25C3C2FEA}.Release|iPhone.Build.0 = Release|iPhone
		{C1A3AC7C-575E-4270-8402-86B25C3C2FEA}.Release|iPhoneSimulator.ActiveCfg = Release|iPhoneSimulator
		{C1A3AC7C-575E-4270-8402-86B25C3C2FEA}.Release|iPhoneSimulator.Build.0 = Release|iPhoneSimulator
		{C1A3AC7C-575E-4270-8402-86B25C3C2FEA}.Release|x64.ActiveCfg = Release|iPhone
		{C1A3AC7C-575E-4270-8402-86B25C3C2FEA}.Release|x86.ActiveCfg = Release|iPhone
		{E15AE1DB-B8D3-41DB-B1CB-750E0B3B0E5A}.Ad-Hoc|Any CPU.ActiveCfg = Release|x86
		{E15AE1DB-B8D3-41DB-B1CB-750E0B3B0E5A}.Ad-Hoc|Any CPU.Build.0 = Release|x86
		{E15AE1DB-B8D3-41DB-B1CB-750E0B3B0E5A}.Ad-Hoc|Any CPU.Deploy.0 = Release|x86
		{E15AE1DB-B8D3-41DB-B1CB-750E0B3B0E5A}.Ad-Hoc|ARM.ActiveCfg = Release|ARM
		{E15AE1DB-B8D3-41DB-B1CB-750E0B3B0E5A}.Ad-Hoc|ARM.Build.0 = Release|ARM
		{E15AE1DB-B8D3-41DB-B1CB-750E0B3B0E5A}.Ad-Hoc|ARM.Deploy.0 = Release|ARM
		{E15AE1DB-B8D3-41DB-B1CB-750E0B3B0E5A}.Ad-Hoc|iPhone.ActiveCfg = Release|x86
		{E15AE1DB-B8D3-41DB-B1CB-750E0B3B0E5A}.Ad-Hoc|iPhone.Build.0 = Release|x86
		{E15AE1DB-B8D3-41DB-B1CB-750E0B3B0E5A}.Ad-Hoc|iPhone.Deploy.0 = Release|x86
		{E15AE1DB-B8D3-41DB-B1CB-750E0B3B0E5A}.Ad-Hoc|iPhoneSimulator.ActiveCfg = Release|x86
		{E15AE1DB-B8D3-41DB-B1CB-750E0B3B0E5A}.Ad-Hoc|iPhoneSimulator.Build.0 = Release|x86
		{E15AE1DB-B8D3-41DB-B1CB-750E0B3B0E5A}.Ad-Hoc|iPhoneSimulator.Deploy.0 = Release|x86
		{E15AE1DB-B8D3-41DB-B1CB-750E0B3B0E5A}.Ad-Hoc|x64.ActiveCfg = Release|x64
		{E15AE1DB-B8D3-41DB-B1CB-750E0B3B0E5A}.Ad-Hoc|x64.Build.0 = Release|x64
		{E15AE1DB-B8D3-41DB-B1CB-750E0B3B0E5A}.Ad-Hoc|x64.Deploy.0 = Release|x64
		{E15AE1DB-B8D3-41DB-B1CB-750E0B3B0E5A}.Ad-Hoc|x86.ActiveCfg = Release|x86
		{E15AE1DB-B8D3-41DB-B1CB-750E0B3B0E5A}.Ad-Hoc|x86.Build.0 = Release|x86
		{E15AE1DB-B8D3-41DB-B1CB-750E0B3B0E5A}.Ad-Hoc|x86.Deploy.0 = Release|x86
		{E15AE1DB-B8D3-41DB-B1CB-750E0B3B0E5A}.AppStore|Any CPU.ActiveCfg = Release|x86
		{E15AE1DB-B8D3-41DB-B1CB-750E0B3B0E5A}.AppStore|Any CPU.Build.0 = Release|x86
		{E15AE1DB-B8D3-41DB-B1CB-750E0B3B0E5A}.AppStore|Any CPU.Deploy.0 = Release|x86
		{E15AE1DB-B8D3-41DB-B1CB-750E0B3B0E5A}.AppStore|ARM.ActiveCfg = Release|ARM
		{E15AE1DB-B8D3-41DB-B1CB-750E0B3B0E5A}.AppStore|ARM.Build.0 = Release|ARM
		{E15AE1DB-B8D3-41DB-B1CB-750E0B3B0E5A}.AppStore|ARM.Deploy.0 = Release|ARM
		{E15AE1DB-B8D3-41DB-B1CB-750E0B3B0E5A}.AppStore|iPhone.ActiveCfg = Release|x86
		{E15AE1DB-B8D3-41DB-B1CB-750E0B3B0E5A}.AppStore|iPhone.Build.0 = Release|x86
		{E15AE1DB-B8D3-41DB-B1CB-750E0B3B0E5A}.AppStore|iPhone.Deploy.0 = Release|x86
		{E15AE1DB-B8D3-41DB-B1CB-750E0B3B0E5A}.AppStore|iPhoneSimulator.ActiveCfg = Release|x86
		{E15AE1DB-B8D3-41DB-B1CB-750E0B3B0E5A}.AppStore|iPhoneSimulator.Build.0 = Release|x86
		{E15AE1DB-B8D3-41DB-B1CB-750E0B3B0E5A}.AppStore|iPhoneSimulator.Deploy.0 = Release|x86
		{E15AE1DB-B8D3-41DB-B1CB-750E0B3B0E5A}.AppStore|x64.ActiveCfg = Release|x64
		{E15AE1DB-B8D3-41DB-B1CB-750E0B3B0E5A}.AppStore|x64.Build.0 = Release|x64
		{E15AE1DB-B8D3-41DB-B1CB-750E0B3B0E5A}.AppStore|x64.Deploy.0 = Release|x64
		{E15AE1DB-B8D3-41DB-B1CB-750E0B3B0E5A}.AppStore|x86.ActiveCfg = Release|x86
		{E15AE1DB-B8D3-41DB-B1CB-750E0B3B0E5A}.AppStore|x86.Build.0 = Release|x86
		{E15AE1DB-B8D3-41DB-B1CB-750E0B3B0E5A}.AppStore|x86.Deploy.0 = Release|x86
		{E15AE1DB-B8D3-41DB-B1CB-750E0B3B0E5A}.Debug|Any CPU.ActiveCfg = Debug|x86
		{E15AE1DB-B8D3-41DB-B1CB-750E0B3B0E5A}.Debug|ARM.ActiveCfg = Debug|ARM
		{E15AE1DB-B8D3-41DB-B1CB-750E0B3B0E5A}.Debug|ARM.Build.0 = Debug|ARM
		{E15AE1DB-B8D3-41DB-B1CB-750E0B3B0E5A}.Debug|ARM.Deploy.0 = Debug|ARM
		{E15AE1DB-B8D3-41DB-B1CB-750E0B3B0E5A}.Debug|iPhone.ActiveCfg = Debug|x86
		{E15AE1DB-B8D3-41DB-B1CB-750E0B3B0E5A}.Debug|iPhoneSimulator.ActiveCfg = Debug|x86
		{E15AE1DB-B8D3-41DB-B1CB-750E0B3B0E5A}.Debug|x64.ActiveCfg = Debug|x64
		{E15AE1DB-B8D3-41DB-B1CB-750E0B3B0E5A}.Debug|x64.Build.0 = Debug|x64
		{E15AE1DB-B8D3-41DB-B1CB-750E0B3B0E5A}.Debug|x64.Deploy.0 = Debug|x64
		{E15AE1DB-B8D3-41DB-B1CB-750E0B3B0E5A}.Debug|x86.ActiveCfg = Debug|x86
		{E15AE1DB-B8D3-41DB-B1CB-750E0B3B0E5A}.Debug|x86.Build.0 = Debug|x86
		{E15AE1DB-B8D3-41DB-B1CB-750E0B3B0E5A}.Debug|x86.Deploy.0 = Debug|x86
		{E15AE1DB-B8D3-41DB-B1CB-750E0B3B0E5A}.Release|Any CPU.ActiveCfg = Release|x86
		{E15AE1DB-B8D3-41DB-B1CB-750E0B3B0E5A}.Release|ARM.ActiveCfg = Release|ARM
		{E15AE1DB-B8D3-41DB-B1CB-750E0B3B0E5A}.Release|ARM.Build.0 = Release|ARM
		{E15AE1DB-B8D3-41DB-B1CB-750E0B3B0E5A}.Release|ARM.Deploy.0 = Release|ARM
		{E15AE1DB-B8D3-41DB-B1CB-750E0B3B0E5A}.Release|iPhone.ActiveCfg = Release|x86
		{E15AE1DB-B8D3-41DB-B1CB-750E0B3B0E5A}.Release|iPhoneSimulator.ActiveCfg = Release|x86
		{E15AE1DB-B8D3-41DB-B1CB-750E0B3B0E5A}.Release|x64.ActiveCfg = Release|x64
		{E15AE1DB-B8D3-41DB-B1CB-750E0B3B0E5A}.Release|x64.Build.0 = Release|x64
		{E15AE1DB-B8D3-41DB-B1CB-750E0B3B0E5A}.Release|x64.Deploy.0 = Release|x64
		{E15AE1DB-B8D3-41DB-B1CB-750E0B3B0E5A}.Release|x86.ActiveCfg = Release|x86
		{E15AE1DB-B8D3-41DB-B1CB-750E0B3B0E5A}.Release|x86.Build.0 = Release|x86
		{E15AE1DB-B8D3-41DB-B1CB-750E0B3B0E5A}.Release|x86.Deploy.0 = Release|x86
		{06E7412C-5678-47FF-96B2-458B07C2B3F0}.Ad-Hoc|Any CPU.ActiveCfg = Debug|Any CPU
		{06E7412C-5678-47FF-96B2-458B07C2B3F0}.Ad-Hoc|Any CPU.Build.0 = Debug|Any CPU
		{06E7412C-5678-47FF-96B2-458B07C2B3F0}.Ad-Hoc|ARM.ActiveCfg = Debug|Any CPU
		{06E7412C-5678-47FF-96B2-458B07C2B3F0}.Ad-Hoc|ARM.Build.0 = Debug|Any CPU
		{06E7412C-5678-47FF-96B2-458B07C2B3F0}.Ad-Hoc|iPhone.ActiveCfg = Debug|Any CPU
		{06E7412C-5678-47FF-96B2-458B07C2B3F0}.Ad-Hoc|iPhone.Build.0 = Debug|Any CPU
		{06E7412C-5678-47FF-96B2-458B07C2B3F0}.Ad-Hoc|iPhoneSimulator.ActiveCfg = Debug|Any CPU
		{06E7412C-5678-47FF-96B2-458B07C2B3F0}.Ad-Hoc|iPhoneSimulator.Build.0 = Debug|Any CPU
		{06E7412C-5678-47FF-96B2-458B07C2B3F0}.Ad-Hoc|x64.ActiveCfg = Debug|Any CPU
		{06E7412C-5678-47FF-96B2-458B07C2B3F0}.Ad-Hoc|x64.Build.0 = Debug|Any CPU
		{06E7412C-5678-47FF-96B2-458B07C2B3F0}.Ad-Hoc|x86.ActiveCfg = Debug|Any CPU
		{06E7412C-5678-47FF-96B2-458B07C2B3F0}.Ad-Hoc|x86.Build.0 = Debug|Any CPU
		{06E7412C-5678-47FF-96B2-458B07C2B3F0}.AppStore|Any CPU.ActiveCfg = Debug|Any CPU
		{06E7412C-5678-47FF-96B2-458B07C2B3F0}.AppStore|Any CPU.Build.0 = Debug|Any CPU
		{06E7412C-5678-47FF-96B2-458B07C2B3F0}.AppStore|ARM.ActiveCfg = Debug|Any CPU
		{06E7412C-5678-47FF-96B2-458B07C2B3F0}.AppStore|ARM.Build.0 = Debug|Any CPU
		{06E7412C-5678-47FF-96B2-458B07C2B3F0}.AppStore|iPhone.ActiveCfg = Debug|Any CPU
		{06E7412C-5678-47FF-96B2-458B07C2B3F0}.AppStore|iPhone.Build.0 = Debug|Any CPU
		{06E7412C-5678-47FF-96B2-458B07C2B3F0}.AppStore|iPhoneSimulator.ActiveCfg = Debug|Any CPU
		{06E7412C-5678-47FF-96B2-458B07C2B3F0}.AppStore|iPhoneSimulator.Build.0 = Debug|Any CPU
		{06E7412C-5678-47FF-96B2-458B07C2B3F0}.AppStore|x64.ActiveCfg = Debug|Any CPU
		{06E7412C-5678-47FF-96B2-458B07C2B3F0}.AppStore|x64.Build.0 = Debug|Any CPU
		{06E7412C-5678-47FF-96B2-458B07C2B3F0}.AppStore|x86.ActiveCfg = Debug|Any CPU
		{06E7412C-5678-47FF-96B2-458B07C2B3F0}.AppStore|x86.Build.0 = Debug|Any CPU
		{06E7412C-5678-47FF-96B2-458B07C2B3F0}.Debug|Any CPU.ActiveCfg = Debug|Any CPU
		{06E7412C-5678-47FF-96B2-458B07C2B3F0}.Debug|Any CPU.Build.0 = Debug|Any CPU
		{06E7412C-5678-47FF-96B2-458B07C2B3F0}.Debug|ARM.ActiveCfg = Debug|Any CPU
		{06E7412C-5678-47FF-96B2-458B07C2B3F0}.Debug|ARM.Build.0 = Debug|Any CPU
		{06E7412C-5678-47FF-96B2-458B07C2B3F0}.Debug|iPhone.ActiveCfg = Debug|Any CPU
		{06E7412C-5678-47FF-96B2-458B07C2B3F0}.Debug|iPhone.Build.0 = Debug|Any CPU
		{06E7412C-5678-47FF-96B2-458B07C2B3F0}.Debug|iPhoneSimulator.ActiveCfg = Debug|Any CPU
		{06E7412C-5678-47FF-96B2-458B07C2B3F0}.Debug|iPhoneSimulator.Build.0 = Debug|Any CPU
		{06E7412C-5678-47FF-96B2-458B07C2B3F0}.Debug|x64.ActiveCfg = Debug|Any CPU
		{06E7412C-5678-47FF-96B2-458B07C2B3F0}.Debug|x64.Build.0 = Debug|Any CPU
		{06E7412C-5678-47FF-96B2-458B07C2B3F0}.Debug|x86.ActiveCfg = Debug|Any CPU
		{06E7412C-5678-47FF-96B2-458B07C2B3F0}.Debug|x86.Build.0 = Debug|Any CPU
		{06E7412C-5678-47FF-96B2-458B07C2B3F0}.Release|Any CPU.ActiveCfg = Release|Any CPU
		{06E7412C-5678-47FF-96B2-458B07C2B3F0}.Release|Any CPU.Build.0 = Release|Any CPU
		{06E7412C-5678-47FF-96B2-458B07C2B3F0}.Release|ARM.ActiveCfg = Release|Any CPU
		{06E7412C-5678-47FF-96B2-458B07C2B3F0}.Release|ARM.Build.0 = Release|Any CPU
		{06E7412C-5678-47FF-96B2-458B07C2B3F0}.Release|iPhone.ActiveCfg = Release|Any CPU
		{06E7412C-5678-47FF-96B2-458B07C2B3F0}.Release|iPhone.Build.0 = Release|Any CPU
		{06E7412C-5678-47FF-96B2-458B07C2B3F0}.Release|iPhoneSimulator.ActiveCfg = Release|Any CPU
		{06E7412C-5678-47FF-96B2-458B07C2B3F0}.Release|iPhoneSimulator.Build.0 = Release|Any CPU
		{06E7412C-5678-47FF-96B2-458B07C2B3F0}.Release|x64.ActiveCfg = Release|Any CPU
		{06E7412C-5678-47FF-96B2-458B07C2B3F0}.Release|x64.Build.0 = Release|Any CPU
		{06E7412C-5678-47FF-96B2-458B07C2B3F0}.Release|x86.ActiveCfg = Release|Any CPU
		{06E7412C-5678-47FF-96B2-458B07C2B3F0}.Release|x86.Build.0 = Release|Any CPU
		{F8230333-EBC6-48F3-9770-098A259C9354}.Ad-Hoc|Any CPU.ActiveCfg = Debug|Any CPU
		{F8230333-EBC6-48F3-9770-098A259C9354}.Ad-Hoc|Any CPU.Build.0 = Debug|Any CPU
		{F8230333-EBC6-48F3-9770-098A259C9354}.Ad-Hoc|ARM.ActiveCfg = Debug|Any CPU
		{F8230333-EBC6-48F3-9770-098A259C9354}.Ad-Hoc|ARM.Build.0 = Debug|Any CPU
		{F8230333-EBC6-48F3-9770-098A259C9354}.Ad-Hoc|iPhone.ActiveCfg = Debug|Any CPU
		{F8230333-EBC6-48F3-9770-098A259C9354}.Ad-Hoc|iPhone.Build.0 = Debug|Any CPU
		{F8230333-EBC6-48F3-9770-098A259C9354}.Ad-Hoc|iPhoneSimulator.ActiveCfg = Debug|Any CPU
		{F8230333-EBC6-48F3-9770-098A259C9354}.Ad-Hoc|iPhoneSimulator.Build.0 = Debug|Any CPU
		{F8230333-EBC6-48F3-9770-098A259C9354}.Ad-Hoc|x64.ActiveCfg = Debug|Any CPU
		{F8230333-EBC6-48F3-9770-098A259C9354}.Ad-Hoc|x64.Build.0 = Debug|Any CPU
		{F8230333-EBC6-48F3-9770-098A259C9354}.Ad-Hoc|x86.ActiveCfg = Debug|Any CPU
		{F8230333-EBC6-48F3-9770-098A259C9354}.Ad-Hoc|x86.Build.0 = Debug|Any CPU
		{F8230333-EBC6-48F3-9770-098A259C9354}.AppStore|Any CPU.ActiveCfg = Debug|Any CPU
		{F8230333-EBC6-48F3-9770-098A259C9354}.AppStore|Any CPU.Build.0 = Debug|Any CPU
		{F8230333-EBC6-48F3-9770-098A259C9354}.AppStore|ARM.ActiveCfg = Debug|Any CPU
		{F8230333-EBC6-48F3-9770-098A259C9354}.AppStore|ARM.Build.0 = Debug|Any CPU
		{F8230333-EBC6-48F3-9770-098A259C9354}.AppStore|iPhone.ActiveCfg = Debug|Any CPU
		{F8230333-EBC6-48F3-9770-098A259C9354}.AppStore|iPhone.Build.0 = Debug|Any CPU
		{F8230333-EBC6-48F3-9770-098A259C9354}.AppStore|iPhoneSimulator.ActiveCfg = Debug|Any CPU
		{F8230333-EBC6-48F3-9770-098A259C9354}.AppStore|iPhoneSimulator.Build.0 = Debug|Any CPU
		{F8230333-EBC6-48F3-9770-098A259C9354}.AppStore|x64.ActiveCfg = Debug|Any CPU
		{F8230333-EBC6-48F3-9770-098A259C9354}.AppStore|x64.Build.0 = Debug|Any CPU
		{F8230333-EBC6-48F3-9770-098A259C9354}.AppStore|x86.ActiveCfg = Debug|Any CPU
		{F8230333-EBC6-48F3-9770-098A259C9354}.AppStore|x86.Build.0 = Debug|Any CPU
		{F8230333-EBC6-48F3-9770-098A259C9354}.Debug|Any CPU.ActiveCfg = Debug|Any CPU
		{F8230333-EBC6-48F3-9770-098A259C9354}.Debug|Any CPU.Build.0 = Debug|Any CPU
		{F8230333-EBC6-48F3-9770-098A259C9354}.Debug|ARM.ActiveCfg = Debug|Any CPU
		{F8230333-EBC6-48F3-9770-098A259C9354}.Debug|ARM.Build.0 = Debug|Any CPU
		{F8230333-EBC6-48F3-9770-098A259C9354}.Debug|iPhone.ActiveCfg = Debug|Any CPU
		{F8230333-EBC6-48F3-9770-098A259C9354}.Debug|iPhone.Build.0 = Debug|Any CPU
		{F8230333-EBC6-48F3-9770-098A259C9354}.Debug|iPhoneSimulator.ActiveCfg = Debug|Any CPU
		{F8230333-EBC6-48F3-9770-098A259C9354}.Debug|iPhoneSimulator.Build.0 = Debug|Any CPU
		{F8230333-EBC6-48F3-9770-098A259C9354}.Debug|x64.ActiveCfg = Debug|Any CPU
		{F8230333-EBC6-48F3-9770-098A259C9354}.Debug|x64.Build.0 = Debug|Any CPU
		{F8230333-EBC6-48F3-9770-098A259C9354}.Debug|x86.ActiveCfg = Debug|Any CPU
		{F8230333-EBC6-48F3-9770-098A259C9354}.Debug|x86.Build.0 = Debug|Any CPU
		{F8230333-EBC6-48F3-9770-098A259C9354}.Release|Any CPU.ActiveCfg = Release|Any CPU
		{F8230333-EBC6-48F3-9770-098A259C9354}.Release|Any CPU.Build.0 = Release|Any CPU
		{F8230333-EBC6-48F3-9770-098A259C9354}.Release|ARM.ActiveCfg = Release|Any CPU
		{F8230333-EBC6-48F3-9770-098A259C9354}.Release|ARM.Build.0 = Release|Any CPU
		{F8230333-EBC6-48F3-9770-098A259C9354}.Release|iPhone.ActiveCfg = Release|Any CPU
		{F8230333-EBC6-48F3-9770-098A259C9354}.Release|iPhone.Build.0 = Release|Any CPU
		{F8230333-EBC6-48F3-9770-098A259C9354}.Release|iPhoneSimulator.ActiveCfg = Release|Any CPU
		{F8230333-EBC6-48F3-9770-098A259C9354}.Release|iPhoneSimulator.Build.0 = Release|Any CPU
		{F8230333-EBC6-48F3-9770-098A259C9354}.Release|x64.ActiveCfg = Release|Any CPU
		{F8230333-EBC6-48F3-9770-098A259C9354}.Release|x64.Build.0 = Release|Any CPU
		{F8230333-EBC6-48F3-9770-098A259C9354}.Release|x86.ActiveCfg = Release|Any CPU
		{F8230333-EBC6-48F3-9770-098A259C9354}.Release|x86.Build.0 = Release|Any CPU
		{6D96CBA2-5A3B-4DD6-BBE4-C85F938F142F}.Ad-Hoc|Any CPU.ActiveCfg = Release|Any CPU
		{6D96CBA2-5A3B-4DD6-BBE4-C85F938F142F}.Ad-Hoc|Any CPU.Build.0 = Release|Any CPU
		{6D96CBA2-5A3B-4DD6-BBE4-C85F938F142F}.Ad-Hoc|ARM.ActiveCfg = Release|Any CPU
		{6D96CBA2-5A3B-4DD6-BBE4-C85F938F142F}.Ad-Hoc|ARM.Build.0 = Release|Any CPU
		{6D96CBA2-5A3B-4DD6-BBE4-C85F938F142F}.Ad-Hoc|iPhone.ActiveCfg = Release|Any CPU
		{6D96CBA2-5A3B-4DD6-BBE4-C85F938F142F}.Ad-Hoc|iPhone.Build.0 = Release|Any CPU
		{6D96CBA2-5A3B-4DD6-BBE4-C85F938F142F}.Ad-Hoc|iPhoneSimulator.ActiveCfg = Release|Any CPU
		{6D96CBA2-5A3B-4DD6-BBE4-C85F938F142F}.Ad-Hoc|iPhoneSimulator.Build.0 = Release|Any CPU
		{6D96CBA2-5A3B-4DD6-BBE4-C85F938F142F}.Ad-Hoc|x64.ActiveCfg = Release|Any CPU
		{6D96CBA2-5A3B-4DD6-BBE4-C85F938F142F}.Ad-Hoc|x64.Build.0 = Release|Any CPU
		{6D96CBA2-5A3B-4DD6-BBE4-C85F938F142F}.Ad-Hoc|x86.ActiveCfg = Release|Any CPU
		{6D96CBA2-5A3B-4DD6-BBE4-C85F938F142F}.Ad-Hoc|x86.Build.0 = Release|Any CPU
		{6D96CBA2-5A3B-4DD6-BBE4-C85F938F142F}.AppStore|Any CPU.ActiveCfg = Release|Any CPU
		{6D96CBA2-5A3B-4DD6-BBE4-C85F938F142F}.AppStore|Any CPU.Build.0 = Release|Any CPU
		{6D96CBA2-5A3B-4DD6-BBE4-C85F938F142F}.AppStore|ARM.ActiveCfg = Release|Any CPU
		{6D96CBA2-5A3B-4DD6-BBE4-C85F938F142F}.AppStore|ARM.Build.0 = Release|Any CPU
		{6D96CBA2-5A3B-4DD6-BBE4-C85F938F142F}.AppStore|iPhone.ActiveCfg = Release|Any CPU
		{6D96CBA2-5A3B-4DD6-BBE4-C85F938F142F}.AppStore|iPhone.Build.0 = Release|Any CPU
		{6D96CBA2-5A3B-4DD6-BBE4-C85F938F142F}.AppStore|iPhoneSimulator.ActiveCfg = Release|Any CPU
		{6D96CBA2-5A3B-4DD6-BBE4-C85F938F142F}.AppStore|iPhoneSimulator.Build.0 = Release|Any CPU
		{6D96CBA2-5A3B-4DD6-BBE4-C85F938F142F}.AppStore|x64.ActiveCfg = Release|Any CPU
		{6D96CBA2-5A3B-4DD6-BBE4-C85F938F142F}.AppStore|x64.Build.0 = Release|Any CPU
		{6D96CBA2-5A3B-4DD6-BBE4-C85F938F142F}.AppStore|x86.ActiveCfg = Release|Any CPU
		{6D96CBA2-5A3B-4DD6-BBE4-C85F938F142F}.AppStore|x86.Build.0 = Release|Any CPU
		{6D96CBA2-5A3B-4DD6-BBE4-C85F938F142F}.Debug|Any CPU.ActiveCfg = Debug|Any CPU
		{6D96CBA2-5A3B-4DD6-BBE4-C85F938F142F}.Debug|Any CPU.Build.0 = Debug|Any CPU
		{6D96CBA2-5A3B-4DD6-BBE4-C85F938F142F}.Debug|ARM.ActiveCfg = Debug|Any CPU
		{6D96CBA2-5A3B-4DD6-BBE4-C85F938F142F}.Debug|ARM.Build.0 = Debug|Any CPU
		{6D96CBA2-5A3B-4DD6-BBE4-C85F938F142F}.Debug|iPhone.ActiveCfg = Debug|Any CPU
		{6D96CBA2-5A3B-4DD6-BBE4-C85F938F142F}.Debug|iPhone.Build.0 = Debug|Any CPU
		{6D96CBA2-5A3B-4DD6-BBE4-C85F938F142F}.Debug|iPhoneSimulator.ActiveCfg = Debug|Any CPU
		{6D96CBA2-5A3B-4DD6-BBE4-C85F938F142F}.Debug|iPhoneSimulator.Build.0 = Debug|Any CPU
		{6D96CBA2-5A3B-4DD6-BBE4-C85F938F142F}.Debug|x64.ActiveCfg = Debug|Any CPU
		{6D96CBA2-5A3B-4DD6-BBE4-C85F938F142F}.Debug|x64.Build.0 = Debug|Any CPU
		{6D96CBA2-5A3B-4DD6-BBE4-C85F938F142F}.Debug|x86.ActiveCfg = Debug|Any CPU
		{6D96CBA2-5A3B-4DD6-BBE4-C85F938F142F}.Debug|x86.Build.0 = Debug|Any CPU
		{6D96CBA2-5A3B-4DD6-BBE4-C85F938F142F}.Release|Any CPU.ActiveCfg = Release|Any CPU
		{6D96CBA2-5A3B-4DD6-BBE4-C85F938F142F}.Release|Any CPU.Build.0 = Release|Any CPU
		{6D96CBA2-5A3B-4DD6-BBE4-C85F938F142F}.Release|ARM.ActiveCfg = Release|Any CPU
		{6D96CBA2-5A3B-4DD6-BBE4-C85F938F142F}.Release|ARM.Build.0 = Release|Any CPU
		{6D96CBA2-5A3B-4DD6-BBE4-C85F938F142F}.Release|iPhone.ActiveCfg = Release|Any CPU
		{6D96CBA2-5A3B-4DD6-BBE4-C85F938F142F}.Release|iPhone.Build.0 = Release|Any CPU
		{6D96CBA2-5A3B-4DD6-BBE4-C85F938F142F}.Release|iPhoneSimulator.ActiveCfg = Release|Any CPU
		{6D96CBA2-5A3B-4DD6-BBE4-C85F938F142F}.Release|iPhoneSimulator.Build.0 = Release|Any CPU
		{6D96CBA2-5A3B-4DD6-BBE4-C85F938F142F}.Release|x64.ActiveCfg = Release|Any CPU
		{6D96CBA2-5A3B-4DD6-BBE4-C85F938F142F}.Release|x64.Build.0 = Release|Any CPU
		{6D96CBA2-5A3B-4DD6-BBE4-C85F938F142F}.Release|x86.ActiveCfg = Release|Any CPU
		{6D96CBA2-5A3B-4DD6-BBE4-C85F938F142F}.Release|x86.Build.0 = Release|Any CPU
	EndGlobalSection
	GlobalSection(SolutionProperties) = preSolution
		HideSolutionNode = FALSE
	EndGlobalSection
	GlobalSection(ExtensibilityGlobals) = postSolution
		SolutionGuid = {C387C617-BF7A-4BE5-A2C4-54B2CBA0EB73}
	EndGlobalSection
EndGlobal
